// !$*UTF8*$!
{
	archiveVersion = 1;
	classes = {
	};
	objectVersion = 46;
	objects = {

/* Begin PBXBuildFile section */
		7C915A2A1D3823690081507E /* AppDelegate.swift in Sources */ = {isa = PBXBuildFile; fileRef = 7C915A291D3823690081507E /* AppDelegate.swift */; };
		7C915A2F1D3823690081507E /* Main.storyboard in Resources */ = {isa = PBXBuildFile; fileRef = 7C915A2D1D3823690081507E /* Main.storyboard */; };
		7C915A311D3823690081507E /* Assets.xcassets in Resources */ = {isa = PBXBuildFile; fileRef = 7C915A301D3823690081507E /* Assets.xcassets */; };
		7C915A341D3823690081507E /* LaunchScreen.storyboard in Resources */ = {isa = PBXBuildFile; fileRef = 7C915A321D3823690081507E /* LaunchScreen.storyboard */; };
		7C915A3C1D3824AD0081507E /* StudentsTableViewController.swift in Sources */ = {isa = PBXBuildFile; fileRef = 7C915A3B1D3824AD0081507E /* StudentsTableViewController.swift */; };
		7C915A3E1D3834C50081507E /* GoogleService-Info.plist in Resources */ = {isa = PBXBuildFile; fileRef = 7C915A3D1D3834C50081507E /* GoogleService-Info.plist */; };
		7C915A401D392AD80081507E /* StudentTableViewCell.swift in Sources */ = {isa = PBXBuildFile; fileRef = 7C915A3F1D392AD80081507E /* StudentTableViewCell.swift */; };
		7C915A431D39300E0081507E /* check.png in Resources */ = {isa = PBXBuildFile; fileRef = 7C915A411D39300E0081507E /* check.png */; };
		7C915A441D39300E0081507E /* uncheck.png in Resources */ = {isa = PBXBuildFile; fileRef = 7C915A421D39300E0081507E /* uncheck.png */; };
		7C915A461D39B1F20081507E /* AddStudentViewController.swift in Sources */ = {isa = PBXBuildFile; fileRef = 7C915A451D39B1F20081507E /* AddStudentViewController.swift */; };
		EE781D2D40D44A1B09D425E2 /* Pods_BeanCount.framework in Frameworks */ = {isa = PBXBuildFile; fileRef = 023978D7471B7C79C397E595 /* Pods_BeanCount.framework */; };
/* End PBXBuildFile section */

/* Begin PBXFileReference section */
		023978D7471B7C79C397E595 /* Pods_BeanCount.framework */ = {isa = PBXFileReference; explicitFileType = wrapper.framework; includeInIndex = 0; path = Pods_BeanCount.framework; sourceTree = BUILT_PRODUCTS_DIR; };
		6F70FB857B23537D3491D75A /* Pods-BeanCount.release.xcconfig */ = {isa = PBXFileReference; includeInIndex = 1; lastKnownFileType = text.xcconfig; name = "Pods-BeanCount.release.xcconfig"; path = "Pods/Target Support Files/Pods-BeanCount/Pods-BeanCount.release.xcconfig"; sourceTree = "<group>"; };
		7C915A261D3823690081507E /* BeanCount.app */ = {isa = PBXFileReference; explicitFileType = wrapper.application; includeInIndex = 0; path = BeanCount.app; sourceTree = BUILT_PRODUCTS_DIR; };
		7C915A291D3823690081507E /* AppDelegate.swift */ = {isa = PBXFileReference; lastKnownFileType = sourcecode.swift; path = AppDelegate.swift; sourceTree = "<group>"; };
		7C915A2E1D3823690081507E /* Base */ = {isa = PBXFileReference; lastKnownFileType = file.storyboard; name = Base; path = Base.lproj/Main.storyboard; sourceTree = "<group>"; };
		7C915A301D3823690081507E /* Assets.xcassets */ = {isa = PBXFileReference; lastKnownFileType = folder.assetcatalog; path = Assets.xcassets; sourceTree = "<group>"; };
		7C915A331D3823690081507E /* Base */ = {isa = PBXFileReference; lastKnownFileType = file.storyboard; name = Base; path = Base.lproj/LaunchScreen.storyboard; sourceTree = "<group>"; };
		7C915A351D3823690081507E /* Info.plist */ = {isa = PBXFileReference; lastKnownFileType = text.plist.xml; path = Info.plist; sourceTree = "<group>"; };
		7C915A3B1D3824AD0081507E /* StudentsTableViewController.swift */ = {isa = PBXFileReference; fileEncoding = 4; lastKnownFileType = sourcecode.swift; path = StudentsTableViewController.swift; sourceTree = "<group>"; };
		7C915A3D1D3834C50081507E /* GoogleService-Info.plist */ = {isa = PBXFileReference; fileEncoding = 4; lastKnownFileType = text.plist.xml; path = "GoogleService-Info.plist"; sourceTree = "<group>"; };
		7C915A3F1D392AD80081507E /* StudentTableViewCell.swift */ = {isa = PBXFileReference; fileEncoding = 4; lastKnownFileType = sourcecode.swift; path = StudentTableViewCell.swift; sourceTree = "<group>"; };
		7C915A411D39300E0081507E /* check.png */ = {isa = PBXFileReference; lastKnownFileType = image.png; path = check.png; sourceTree = "<group>"; };
		7C915A421D39300E0081507E /* uncheck.png */ = {isa = PBXFileReference; lastKnownFileType = image.png; path = uncheck.png; sourceTree = "<group>"; };
		7C915A451D39B1F20081507E /* AddStudentViewController.swift */ = {isa = PBXFileReference; fileEncoding = 4; lastKnownFileType = sourcecode.swift; path = AddStudentViewController.swift; sourceTree = "<group>"; };
		8623A43B2622928630F02922 /* Pods-BeanCount.debug.xcconfig */ = {isa = PBXFileReference; includeInIndex = 1; lastKnownFileType = text.xcconfig; name = "Pods-BeanCount.debug.xcconfig"; path = "Pods/Target Support Files/Pods-BeanCount/Pods-BeanCount.debug.xcconfig"; sourceTree = "<group>"; };
/* End PBXFileReference section */

/* Begin PBXFrameworksBuildPhase section */
		7C915A231D3823690081507E /* Frameworks */ = {
			isa = PBXFrameworksBuildPhase;
			buildActionMask = 2147483647;
			files = (
				EE781D2D40D44A1B09D425E2 /* Pods_BeanCount.framework in Frameworks */,
			);
			runOnlyForDeploymentPostprocessing = 0;
		};
/* End PBXFrameworksBuildPhase section */

/* Begin PBXGroup section */
		24B4C88C2EB4DE1E2BA7A8EF /* Pods */ = {
			isa = PBXGroup;
			children = (
				8623A43B2622928630F02922 /* Pods-BeanCount.debug.xcconfig */,
				6F70FB857B23537D3491D75A /* Pods-BeanCount.release.xcconfig */,
			);
			name = Pods;
			sourceTree = "<group>";
		};
		3FC1A7714DA2AF77664F26CC /* Frameworks */ = {
			isa = PBXGroup;
			children = (
				023978D7471B7C79C397E595 /* Pods_BeanCount.framework */,
			);
			name = Frameworks;
			sourceTree = "<group>";
		};
		7C915A1D1D3823690081507E = {
			isa = PBXGroup;
			children = (
				7C915A281D3823690081507E /* BeanCount */,
				7C915A271D3823690081507E /* Products */,
				24B4C88C2EB4DE1E2BA7A8EF /* Pods */,
				3FC1A7714DA2AF77664F26CC /* Frameworks */,
			);
			sourceTree = "<group>";
		};
		7C915A271D3823690081507E /* Products */ = {
			isa = PBXGroup;
			children = (
				7C915A261D3823690081507E /* BeanCount.app */,
			);
			name = Products;
			sourceTree = "<group>";
		};
		7C915A281D3823690081507E /* BeanCount */ = {
			isa = PBXGroup;
			children = (
				7C915A3B1D3824AD0081507E /* StudentsTableViewController.swift */,
				7C915A291D3823690081507E /* AppDelegate.swift */,
				7C915A2D1D3823690081507E /* Main.storyboard */,
				7C915A451D39B1F20081507E /* AddStudentViewController.swift */,
				7C915A3F1D392AD80081507E /* StudentTableViewCell.swift */,
				7C915A411D39300E0081507E /* check.png */,
				7C915A421D39300E0081507E /* uncheck.png */,
				7C915A301D3823690081507E /* Assets.xcassets */,
				7C915A321D3823690081507E /* LaunchScreen.storyboard */,
				7C915A351D3823690081507E /* Info.plist */,
				7C915A3D1D3834C50081507E /* GoogleService-Info.plist */,
			);
			path = BeanCount;
			sourceTree = "<group>";
		};
/* End PBXGroup section */

/* Begin PBXNativeTarget section */
		7C915A251D3823690081507E /* BeanCount */ = {
			isa = PBXNativeTarget;
			buildConfigurationList = 7C915A381D3823690081507E /* Build configuration list for PBXNativeTarget "BeanCount" */;
			buildPhases = (
				F072268EC34C4A0AD3C39F21 /* [CP] Check Pods Manifest.lock */,
				7C915A221D3823690081507E /* Sources */,
				7C915A231D3823690081507E /* Frameworks */,
				7C915A241D3823690081507E /* Resources */,
				3E6A351337610DC61C0F97BF /* [CP] Embed Pods Frameworks */,
				AD8C356E3C05F8391DB246C5 /* [CP] Copy Pods Resources */,
			);
			buildRules = (
			);
			dependencies = (
			);
			name = BeanCount;
			productName = BeanCount;
			productReference = 7C915A261D3823690081507E /* BeanCount.app */;
			productType = "com.apple.product-type.application";
		};
/* End PBXNativeTarget section */

/* Begin PBXProject section */
		7C915A1E1D3823690081507E /* Project object */ = {
			isa = PBXProject;
			attributes = {
				LastSwiftUpdateCheck = 0730;
				LastUpgradeCheck = 0730;
				ORGANIZATIONNAME = "Gabriel Revells";
				TargetAttributes = {
					7C915A251D3823690081507E = {
						CreatedOnToolsVersion = 7.3.1;
						DevelopmentTeam = 6YUP5Q2DLS;
						DevelopmentTeamName = "Gabe Revells";
					};
				};
			};
			buildConfigurationList = 7C915A211D3823690081507E /* Build configuration list for PBXProject "BeanCount" */;
			compatibilityVersion = "Xcode 3.2";
			developmentRegion = English;
			hasScannedForEncodings = 0;
			knownRegions = (
				en,
				Base,
			);
			mainGroup = 7C915A1D1D3823690081507E;
			productRefGroup = 7C915A271D3823690081507E /* Products */;
			projectDirPath = "";
			projectRoot = "";
			targets = (
				7C915A251D3823690081507E /* BeanCount */,
			);
		};
/* End PBXProject section */

/* Begin PBXResourcesBuildPhase section */
		7C915A241D3823690081507E /* Resources */ = {
			isa = PBXResourcesBuildPhase;
			buildActionMask = 2147483647;
			files = (
				7C915A341D3823690081507E /* LaunchScreen.storyboard in Resources */,
				7C915A431D39300E0081507E /* check.png in Resources */,
				7C915A3E1D3834C50081507E /* GoogleService-Info.plist in Resources */,
				7C915A311D3823690081507E /* Assets.xcassets in Resources */,
				7C915A2F1D3823690081507E /* Main.storyboard in Resources */,
				7C915A441D39300E0081507E /* uncheck.png in Resources */,
			);
			runOnlyForDeploymentPostprocessing = 0;
		};
/* End PBXResourcesBuildPhase section */

/* Begin PBXShellScriptBuildPhase section */
		3E6A351337610DC61C0F97BF /* [CP] Embed Pods Frameworks */ = {
			isa = PBXShellScriptBuildPhase;
			buildActionMask = 2147483647;
			files = (
			);
			inputPaths = (
			);
			name = "[CP] Embed Pods Frameworks";
			outputPaths = (
			);
			runOnlyForDeploymentPostprocessing = 0;
			shellPath = /bin/sh;
			shellScript = "\"${SRCROOT}/Pods/Target Support Files/Pods-BeanCount/Pods-BeanCount-frameworks.sh\"\n";
			showEnvVarsInLog = 0;
		};
		AD8C356E3C05F8391DB246C5 /* [CP] Copy Pods Resources */ = {
			isa = PBXShellScriptBuildPhase;
			buildActionMask = 2147483647;
			files = (
			);
			inputPaths = (
			);
			name = "[CP] Copy Pods Resources";
			outputPaths = (
			);
			runOnlyForDeploymentPostprocessing = 0;
			shellPath = /bin/sh;
			shellScript = "\"${SRCROOT}/Pods/Target Support Files/Pods-BeanCount/Pods-BeanCount-resources.sh\"\n";
			showEnvVarsInLog = 0;
		};
		F072268EC34C4A0AD3C39F21 /* [CP] Check Pods Manifest.lock */ = {
			isa = PBXShellScriptBuildPhase;
			buildActionMask = 2147483647;
			files = (
			);
			inputPaths = (
			);
			name = "[CP] Check Pods Manifest.lock";
			outputPaths = (
			);
			runOnlyForDeploymentPostprocessing = 0;
			shellPath = /bin/sh;
			shellScript = "diff \"${PODS_ROOT}/../Podfile.lock\" \"${PODS_ROOT}/Manifest.lock\" > /dev/null\nif [[ $? != 0 ]] ; then\n    cat << EOM\nerror: The sandbox is not in sync with the Podfile.lock. Run 'pod install' or update your CocoaPods installation.\nEOM\n    exit 1\nfi\n";
			showEnvVarsInLog = 0;
		};
/* End PBXShellScriptBuildPhase section */

/* Begin PBXSourcesBuildPhase section */
		7C915A221D3823690081507E /* Sources */ = {
			isa = PBXSourcesBuildPhase;
			buildActionMask = 2147483647;
			files = (
				7C915A461D39B1F20081507E /* AddStudentViewController.swift in Sources */,
				7C915A2A1D3823690081507E /* AppDelegate.swift in Sources */,
				7C915A3C1D3824AD0081507E /* StudentsTableViewController.swift in Sources */,
				7C915A401D392AD80081507E /* StudentTableViewCell.swift in Sources */,
			);
			runOnlyForDeploymentPostprocessing = 0;
		};
/* End PBXSourcesBuildPhase section */

/* Begin PBXVariantGroup section */
		7C915A2D1D3823690081507E /* Main.storyboard */ = {
			isa = PBXVariantGroup;
			children = (
				7C915A2E1D3823690081507E /* Base */,
			);
			name = Main.storyboard;
			sourceTree = "<group>";
		};
		7C915A321D3823690081507E /* LaunchScreen.storyboard */ = {
			isa = PBXVariantGroup;
			children = (
				7C915A331D3823690081507E /* Base */,
			);
			name = LaunchScreen.storyboard;
			sourceTree = "<group>";
		};
/* End PBXVariantGroup section */

/* Begin XCBuildConfiguration section */
		7C915A361D3823690081507E /* Debug */ = {
			isa = XCBuildConfiguration;
			buildSettings = {
				ALWAYS_SEARCH_USER_PATHS = NO;
				CLANG_ANALYZER_NONNULL = YES;
				CLANG_CXX_LANGUAGE_STANDARD = "gnu++0x";
				CLANG_CXX_LIBRARY = "libc++";
				CLANG_ENABLE_MODULES = YES;
				CLANG_ENABLE_OBJC_ARC = YES;
				CLANG_WARN_BOOL_CONVERSION = YES;
				CLANG_WARN_CONSTANT_CONVERSION = YES;
				CLANG_WARN_DIRECT_OBJC_ISA_USAGE = YES_ERROR;
				CLANG_WARN_EMPTY_BODY = YES;
				CLANG_WARN_ENUM_CONVERSION = YES;
				CLANG_WARN_INT_CONVERSION = YES;
				CLANG_WARN_OBJC_ROOT_CLASS = YES_ERROR;
				CLANG_WARN_UNREACHABLE_CODE = YES;
				CLANG_WARN__DUPLICATE_METHOD_MATCH = YES;
				"CODE_SIGN_IDENTITY[sdk=iphoneos*]" = "iPhone Developer";
				COPY_PHASE_STRIP = NO;
				DEBUG_INFORMATION_FORMAT = dwarf;
				ENABLE_STRICT_OBJC_MSGSEND = YES;
				ENABLE_TESTABILITY = YES;
				GCC_C_LANGUAGE_STANDARD = gnu99;
				GCC_DYNAMIC_NO_PIC = NO;
				GCC_NO_COMMON_BLOCKS = YES;
				GCC_OPTIMIZATION_LEVEL = 0;
				GCC_PREPROCESSOR_DEFINITIONS = (
					"DEBUG=1",
					"$(inherited)",
				);
				GCC_WARN_64_TO_32_BIT_CONVERSION = YES;
				GCC_WARN_ABOUT_RETURN_TYPE = YES_ERROR;
				GCC_WARN_UNDECLARED_SELECTOR = YES;
				GCC_WARN_UNINITIALIZED_AUTOS = YES_AGGRESSIVE;
				GCC_WARN_UNUSED_FUNCTION = YES;
				GCC_WARN_UNUSED_VARIABLE = YES;
				IPHONEOS_DEPLOYMENT_TARGET = 9.3;
				MTL_ENABLE_DEBUG_INFO = YES;
				ONLY_ACTIVE_ARCH = YES;
				SDKROOT = iphoneos;
				SWIFT_OPTIMIZATION_LEVEL = "-Onone";
			};
			name = Debug;
		};
		7C915A371D3823690081507E /* Release */ = {
			isa = XCBuildConfiguration;
			buildSettings = {
				ALWAYS_SEARCH_USER_PATHS = NO;
				CLANG_ANALYZER_NONNULL = YES;
				CLANG_CXX_LANGUAGE_STANDARD = "gnu++0x";
				CLANG_CXX_LIBRARY = "libc++";
				CLANG_ENABLE_MODULES = YES;
				CLANG_ENABLE_OBJC_ARC = YES;
				CLANG_WARN_BOOL_CONVERSION = YES;
				CLANG_WARN_CONSTANT_CONVERSION = YES;
				CLANG_WARN_DIRECT_OBJC_ISA_USAGE = YES_ERROR;
				CLANG_WARN_EMPTY_BODY = YES;
				CLANG_WARN_ENUM_CONVERSION = YES;
				CLANG_WARN_INT_CONVERSION = YES;
				CLANG_WARN_OBJC_ROOT_CLASS = YES_ERROR;
				CLANG_WARN_UNREACHABLE_CODE = YES;
				CLANG_WARN__DUPLICATE_METHOD_MATCH = YES;
				"CODE_SIGN_IDENTITY[sdk=iphoneos*]" = "iPhone Developer";
				COPY_PHASE_STRIP = NO;
				DEBUG_INFORMATION_FORMAT = "dwarf-with-dsym";
				ENABLE_NS_ASSERTIONS = NO;
				ENABLE_STRICT_OBJC_MSGSEND = YES;
				GCC_C_LANGUAGE_STANDARD = gnu99;
				GCC_NO_COMMON_BLOCKS = YES;
				GCC_WARN_64_TO_32_BIT_CONVERSION = YES;
				GCC_WARN_ABOUT_RETURN_TYPE = YES_ERROR;
				GCC_WARN_UNDECLARED_SELECTOR = YES;
				GCC_WARN_UNINITIALIZED_AUTOS = YES_AGGRESSIVE;
				GCC_WARN_UNUSED_FUNCTION = YES;
				GCC_WARN_UNUSED_VARIABLE = YES;
				IPHONEOS_DEPLOYMENT_TARGET = 9.3;
				MTL_ENABLE_DEBUG_INFO = NO;
				SDKROOT = iphoneos;
				VALIDATE_PRODUCT = YES;
			};
			name = Release;
		};
		7C915A391D3823690081507E /* Debug */ = {
			isa = XCBuildConfiguration;
			baseConfigurationReference = 8623A43B2622928630F02922 /* Pods-BeanCount.debug.xcconfig */;
			buildSettings = {
				ASSETCATALOG_COMPILER_APPICON_NAME = AppIcon;
				INFOPLIST_FILE = BeanCount/Info.plist;
				IPHONEOS_DEPLOYMENT_TARGET = 8.0;
				LD_RUNPATH_SEARCH_PATHS = "$(inherited) @executable_path/Frameworks";
				PRODUCT_BUNDLE_IDENTIFIER = Gabriel.Revells.BeanCount;
				PRODUCT_NAME = "$(TARGET_NAME)";
			};
			name = Debug;
		};
		7C915A3A1D3823690081507E /* Release */ = {
			isa = XCBuildConfiguration;
			baseConfigurationReference = 6F70FB857B23537D3491D75A /* Pods-BeanCount.release.xcconfig */;
			buildSettings = {
				ASSETCATALOG_COMPILER_APPICON_NAME = AppIcon;
				INFOPLIST_FILE = BeanCount/Info.plist;
				IPHONEOS_DEPLOYMENT_TARGET = 8.0;
				LD_RUNPATH_SEARCH_PATHS = "$(inherited) @executable_path/Frameworks";
				PRODUCT_BUNDLE_IDENTIFIER = Gabriel.Revells.BeanCount;
				PRODUCT_NAME = "$(TARGET_NAME)";
			};
			name = Release;
		};
/* End XCBuildConfiguration section */

/* Begin XCConfigurationList section */
		7C915A211D3823690081507E /* Build configuration list for PBXProject "BeanCount" */ = {
			isa = XCConfigurationList;
			buildConfigurations = (
				7C915A361D3823690081507E /* Debug */,
				7C915A371D3823690081507E /* Release */,
			);
			defaultConfigurationIsVisible = 0;
			defaultConfigurationName = Release;
		};
		7C915A381D3823690081507E /* Build configuration list for PBXNativeTarget "BeanCount" */ = {
			isa = XCConfigurationList;
			buildConfigurations = (
				7C915A391D3823690081507E /* Debug */,
				7C915A3A1D3823690081507E /* Release */,
			);
			defaultConfigurationIsVisible = 0;
			defaultConfigurationName = Release;
		};
/* End XCConfigurationList section */
	};
	rootObject = 7C915A1E1D3823690081507E /* Project object */;
}
