// !$*UTF8*$!
{
	archiveVersion = 1;
	classes = {
	};
	objectVersion = 46;
	objects = {

/* Begin PBXBuildFile section */
		7C0741BE1D513E880039D42C /* AddStudentViewController.swift in Sources */ = {isa = PBXBuildFile; fileRef = 7C0741BD1D513E880039D42C /* AddStudentViewController.swift */; };
		7C0741C01D51406A0039D42C /* TagPopoverTableViewController.swift in Sources */ = {isa = PBXBuildFile; fileRef = 7C0741BF1D51406A0039D42C /* TagPopoverTableViewController.swift */; };
		7C21812C1D551E5200C29F68 /* lightbulb.png in Resources */ = {isa = PBXBuildFile; fileRef = 7C2181291D551E5200C29F68 /* lightbulb.png */; };
		7C21812D1D551E5200C29F68 /* file cabinet.png in Resources */ = {isa = PBXBuildFile; fileRef = 7C21812A1D551E5200C29F68 /* file cabinet.png */; };
		7C21812E1D551E5200C29F68 /* computer.png in Resources */ = {isa = PBXBuildFile; fileRef = 7C21812B1D551E5200C29F68 /* computer.png */; };
		7C2181321D55201E00C29F68 /* desk.png in Resources */ = {isa = PBXBuildFile; fileRef = 7C2181311D55201E00C29F68 /* desk.png */; };
		7C2181361D552A3B00C29F68 /* close.png in Resources */ = {isa = PBXBuildFile; fileRef = 7C2181351D552A3B00C29F68 /* close.png */; };
		7C28D1BE1D5509AA00BDDA77 /* phone.png in Resources */ = {isa = PBXBuildFile; fileRef = 7C28D1BC1D5509AA00BDDA77 /* phone.png */; };
		7C28D1C41D550FD300BDDA77 /* TagTypes.swift in Sources */ = {isa = PBXBuildFile; fileRef = 7C28D1C31D550FD300BDDA77 /* TagTypes.swift */; };
		7C28D1C81D551D1E00BDDA77 /* open book.png in Resources */ = {isa = PBXBuildFile; fileRef = 7C28D1C71D551D1E00BDDA77 /* open book.png */; };
		7C29E4271D3B069D006088CD /* red x.png in Resources */ = {isa = PBXBuildFile; fileRef = 7C29E4251D3B069D006088CD /* red x.png */; };
		7C29E4281D3B069D006088CD /* green check.png in Resources */ = {isa = PBXBuildFile; fileRef = 7C29E4261D3B069D006088CD /* green check.png */; };
		7C418FAE1D4A60A6005DD026 /* LocationsSelectTableViewController.swift in Sources */ = {isa = PBXBuildFile; fileRef = 7C418FAC1D4A60A6005DD026 /* LocationsSelectTableViewController.swift */; };
		7C418FAF1D4A60A6005DD026 /* LocationTableViewCell.swift in Sources */ = {isa = PBXBuildFile; fileRef = 7C418FAD1D4A60A6005DD026 /* LocationTableViewCell.swift */; };
		7C5F009D1D3BCB950023B2D6 /* SettingsViewController.swift in Sources */ = {isa = PBXBuildFile; fileRef = 7C5F009C1D3BCB950023B2D6 /* SettingsViewController.swift */; };
		7C5F009F1D3BCE250023B2D6 /* location.png in Resources */ = {isa = PBXBuildFile; fileRef = 7C5F009E1D3BCE250023B2D6 /* location.png */; };
		7C5F00A31D3BE1880023B2D6 /* AddLocationViewController.swift in Sources */ = {isa = PBXBuildFile; fileRef = 7C5F00A21D3BE1880023B2D6 /* AddLocationViewController.swift */; };
		7C7D95331D3C720200066530 /* id card.png in Resources */ = {isa = PBXBuildFile; fileRef = 7C7D95321D3C720200066530 /* id card.png */; };
		7C7D95351D3C801200066530 /* MapKit.framework in Frameworks */ = {isa = PBXBuildFile; fileRef = 7C7D95341D3C801200066530 /* MapKit.framework */; };
		7C83B9541D3AD5D000B3405D /* mail.png in Resources */ = {isa = PBXBuildFile; fileRef = 7C83B9531D3AD5D000B3405D /* mail.png */; };
		7C84E2351D566EC4007BAB74 /* RoundedTextField.swift in Sources */ = {isa = PBXBuildFile; fileRef = 7C84E2341D566EC4007BAB74 /* RoundedTextField.swift */; };
		7C8719C51D566194006138C0 /* RoundedView.swift in Sources */ = {isa = PBXBuildFile; fileRef = 7C8719C41D566194006138C0 /* RoundedView.swift */; };
		7C915A2A1D3823690081507E /* AppDelegate.swift in Sources */ = {isa = PBXBuildFile; fileRef = 7C915A291D3823690081507E /* AppDelegate.swift */; };
		7C915A2F1D3823690081507E /* Main.storyboard in Resources */ = {isa = PBXBuildFile; fileRef = 7C915A2D1D3823690081507E /* Main.storyboard */; };
		7C915A311D3823690081507E /* Assets.xcassets in Resources */ = {isa = PBXBuildFile; fileRef = 7C915A301D3823690081507E /* Assets.xcassets */; };
		7C915A341D3823690081507E /* LaunchScreen.storyboard in Resources */ = {isa = PBXBuildFile; fileRef = 7C915A321D3823690081507E /* LaunchScreen.storyboard */; };
		7C915A3E1D3834C50081507E /* GoogleService-Info.plist in Resources */ = {isa = PBXBuildFile; fileRef = 7C915A3D1D3834C50081507E /* GoogleService-Info.plist */; };
		7CA1326B1D5039DF0048DDFE /* StudentTableViewCell.swift in Sources */ = {isa = PBXBuildFile; fileRef = 7CA1326A1D5039DF0048DDFE /* StudentTableViewCell.swift */; };
		7CBBC3561D527773007F2C92 /* StudentTagsTableViewController.swift in Sources */ = {isa = PBXBuildFile; fileRef = 7CBBC3551D527773007F2C92 /* StudentTagsTableViewController.swift */; };
		7CBBC3591D527AB6007F2C92 /* StudentTagTableViewCell.swift in Sources */ = {isa = PBXBuildFile; fileRef = 7CBBC3581D527AB6007F2C92 /* StudentTagTableViewCell.swift */; };
		7CBBC35B1D527BFA007F2C92 /* plus.png in Resources */ = {isa = PBXBuildFile; fileRef = 7CBBC35A1D527BFA007F2C92 /* plus.png */; };
		7CBBC35D1D527CAF007F2C92 /* AddTagTableViewCell.swift in Sources */ = {isa = PBXBuildFile; fileRef = 7CBBC35C1D527CAF007F2C92 /* AddTagTableViewCell.swift */; };
		7CE4095F1D5688860045B55A /* RoundedButton.swift in Sources */ = {isa = PBXBuildFile; fileRef = 7CE4095E1D5688860045B55A /* RoundedButton.swift */; };
		7CE409611D58F25C0045B55A /* UIViewExtension.swift in Sources */ = {isa = PBXBuildFile; fileRef = 7CE409601D58F25C0045B55A /* UIViewExtension.swift */; };
		7CE409631D58F2780045B55A /* CGRectExtension.swift in Sources */ = {isa = PBXBuildFile; fileRef = 7CE409621D58F2780045B55A /* CGRectExtension.swift */; };
		7CE409651D58F2D00045B55A /* Location.swift in Sources */ = {isa = PBXBuildFile; fileRef = 7CE409641D58F2D00045B55A /* Location.swift */; };
		7CF12A871D3A8317003AE476 /* LoginViewController.swift in Sources */ = {isa = PBXBuildFile; fileRef = 7CF12A861D3A8317003AE476 /* LoginViewController.swift */; };
		7CF12A911D3AB84E003AE476 /* username.png in Resources */ = {isa = PBXBuildFile; fileRef = 7CF12A8F1D3AB84E003AE476 /* username.png */; };
		7CF12A921D3AB84E003AE476 /* lock.png in Resources */ = {isa = PBXBuildFile; fileRef = 7CF12A901D3AB84E003AE476 /* lock.png */; };
		7CF12A941D3ABDE8003AE476 /* CreateAccountViewController.swift in Sources */ = {isa = PBXBuildFile; fileRef = 7CF12A931D3ABDE8003AE476 /* CreateAccountViewController.swift */; };
		7CF12A961D3AC017003AE476 /* Theme.swift in Sources */ = {isa = PBXBuildFile; fileRef = 7CF12A951D3AC017003AE476 /* Theme.swift */; };
		7CFC92601D5030730083E1E6 /* FillButtonView.swift in Sources */ = {isa = PBXBuildFile; fileRef = 7CFC925F1D5030730083E1E6 /* FillButtonView.swift */; };
		7CFF63D71D41B41000F526CE /* AccountStudentsTableViewController.swift in Sources */ = {isa = PBXBuildFile; fileRef = 7CFF63D61D41B41000F526CE /* AccountStudentsTableViewController.swift */; };
		EE781D2D40D44A1B09D425E2 /* Pods_BeanCount.framework in Frameworks */ = {isa = PBXBuildFile; fileRef = 023978D7471B7C79C397E595 /* Pods_BeanCount.framework */; settings = {ATTRIBUTES = (Required, ); }; };
/* End PBXBuildFile section */

/* Begin PBXFileReference section */
		023978D7471B7C79C397E595 /* Pods_BeanCount.framework */ = {isa = PBXFileReference; explicitFileType = wrapper.framework; includeInIndex = 0; path = Pods_BeanCount.framework; sourceTree = BUILT_PRODUCTS_DIR; };
		6F70FB857B23537D3491D75A /* Pods-BeanCount.release.xcconfig */ = {isa = PBXFileReference; includeInIndex = 1; lastKnownFileType = text.xcconfig; name = "Pods-BeanCount.release.xcconfig"; path = "Pods/Target Support Files/Pods-BeanCount/Pods-BeanCount.release.xcconfig"; sourceTree = "<group>"; };
		7C0741BD1D513E880039D42C /* AddStudentViewController.swift */ = {isa = PBXFileReference; fileEncoding = 4; lastKnownFileType = sourcecode.swift; path = AddStudentViewController.swift; sourceTree = "<group>"; };
		7C0741BF1D51406A0039D42C /* TagPopoverTableViewController.swift */ = {isa = PBXFileReference; fileEncoding = 4; lastKnownFileType = sourcecode.swift; path = TagPopoverTableViewController.swift; sourceTree = "<group>"; };
		7C2181291D551E5200C29F68 /* lightbulb.png */ = {isa = PBXFileReference; lastKnownFileType = image.png; path = lightbulb.png; sourceTree = "<group>"; };
		7C21812A1D551E5200C29F68 /* file cabinet.png */ = {isa = PBXFileReference; lastKnownFileType = image.png; path = "file cabinet.png"; sourceTree = "<group>"; };
		7C21812B1D551E5200C29F68 /* computer.png */ = {isa = PBXFileReference; lastKnownFileType = image.png; path = computer.png; sourceTree = "<group>"; };
		7C2181311D55201E00C29F68 /* desk.png */ = {isa = PBXFileReference; lastKnownFileType = image.png; path = desk.png; sourceTree = "<group>"; };
		7C2181351D552A3B00C29F68 /* close.png */ = {isa = PBXFileReference; lastKnownFileType = image.png; path = close.png; sourceTree = "<group>"; };
		7C28D1BC1D5509AA00BDDA77 /* phone.png */ = {isa = PBXFileReference; lastKnownFileType = image.png; path = phone.png; sourceTree = "<group>"; };
		7C28D1C31D550FD300BDDA77 /* TagTypes.swift */ = {isa = PBXFileReference; fileEncoding = 4; lastKnownFileType = sourcecode.swift; path = TagTypes.swift; sourceTree = "<group>"; };
		7C28D1C71D551D1E00BDDA77 /* open book.png */ = {isa = PBXFileReference; lastKnownFileType = image.png; path = "open book.png"; sourceTree = "<group>"; };
		7C29E4251D3B069D006088CD /* red x.png */ = {isa = PBXFileReference; lastKnownFileType = image.png; path = "red x.png"; sourceTree = "<group>"; };
		7C29E4261D3B069D006088CD /* green check.png */ = {isa = PBXFileReference; lastKnownFileType = image.png; path = "green check.png"; sourceTree = "<group>"; };
		7C418FAC1D4A60A6005DD026 /* LocationsSelectTableViewController.swift */ = {isa = PBXFileReference; fileEncoding = 4; lastKnownFileType = sourcecode.swift; path = LocationsSelectTableViewController.swift; sourceTree = "<group>"; };
		7C418FAD1D4A60A6005DD026 /* LocationTableViewCell.swift */ = {isa = PBXFileReference; fileEncoding = 4; lastKnownFileType = sourcecode.swift; path = LocationTableViewCell.swift; sourceTree = "<group>"; };
		7C5F00991D3B55CB0023B2D6 /* BeanCount.entitlements */ = {isa = PBXFileReference; lastKnownFileType = text.xml; path = BeanCount.entitlements; sourceTree = "<group>"; };
		7C5F009C1D3BCB950023B2D6 /* SettingsViewController.swift */ = {isa = PBXFileReference; fileEncoding = 4; lastKnownFileType = sourcecode.swift; path = SettingsViewController.swift; sourceTree = "<group>"; };
		7C5F009E1D3BCE250023B2D6 /* location.png */ = {isa = PBXFileReference; lastKnownFileType = image.png; path = location.png; sourceTree = "<group>"; };
		7C5F00A21D3BE1880023B2D6 /* AddLocationViewController.swift */ = {isa = PBXFileReference; fileEncoding = 4; lastKnownFileType = sourcecode.swift; path = AddLocationViewController.swift; sourceTree = "<group>"; };
		7C7D95321D3C720200066530 /* id card.png */ = {isa = PBXFileReference; lastKnownFileType = image.png; path = "id card.png"; sourceTree = "<group>"; };
		7C7D95341D3C801200066530 /* MapKit.framework */ = {isa = PBXFileReference; lastKnownFileType = wrapper.framework; name = MapKit.framework; path = System/Library/Frameworks/MapKit.framework; sourceTree = SDKROOT; };
		7C83B9531D3AD5D000B3405D /* mail.png */ = {isa = PBXFileReference; lastKnownFileType = image.png; path = mail.png; sourceTree = "<group>"; };
		7C84E2341D566EC4007BAB74 /* RoundedTextField.swift */ = {isa = PBXFileReference; fileEncoding = 4; lastKnownFileType = sourcecode.swift; path = RoundedTextField.swift; sourceTree = "<group>"; };
		7C8719C41D566194006138C0 /* RoundedView.swift */ = {isa = PBXFileReference; fileEncoding = 4; lastKnownFileType = sourcecode.swift; path = RoundedView.swift; sourceTree = "<group>"; };
		7C915A261D3823690081507E /* BeanCount.app */ = {isa = PBXFileReference; explicitFileType = wrapper.application; includeInIndex = 0; path = BeanCount.app; sourceTree = BUILT_PRODUCTS_DIR; };
		7C915A291D3823690081507E /* AppDelegate.swift */ = {isa = PBXFileReference; lastKnownFileType = sourcecode.swift; path = AppDelegate.swift; sourceTree = "<group>"; };
		7C915A2E1D3823690081507E /* Base */ = {isa = PBXFileReference; lastKnownFileType = file.storyboard; name = Base; path = Base.lproj/Main.storyboard; sourceTree = "<group>"; };
		7C915A301D3823690081507E /* Assets.xcassets */ = {isa = PBXFileReference; lastKnownFileType = folder.assetcatalog; path = Assets.xcassets; sourceTree = "<group>"; };
		7C915A331D3823690081507E /* Base */ = {isa = PBXFileReference; lastKnownFileType = file.storyboard; name = Base; path = Base.lproj/LaunchScreen.storyboard; sourceTree = "<group>"; };
		7C915A351D3823690081507E /* Info.plist */ = {isa = PBXFileReference; lastKnownFileType = text.plist.xml; path = Info.plist; sourceTree = "<group>"; };
		7C915A3D1D3834C50081507E /* GoogleService-Info.plist */ = {isa = PBXFileReference; fileEncoding = 4; lastKnownFileType = text.plist.xml; path = "GoogleService-Info.plist"; sourceTree = "<group>"; };
		7CA1326A1D5039DF0048DDFE /* StudentTableViewCell.swift */ = {isa = PBXFileReference; fileEncoding = 4; lastKnownFileType = sourcecode.swift; path = StudentTableViewCell.swift; sourceTree = "<group>"; };
		7CBBC3551D527773007F2C92 /* StudentTagsTableViewController.swift */ = {isa = PBXFileReference; fileEncoding = 4; lastKnownFileType = sourcecode.swift; path = StudentTagsTableViewController.swift; sourceTree = "<group>"; };
		7CBBC3581D527AB6007F2C92 /* StudentTagTableViewCell.swift */ = {isa = PBXFileReference; fileEncoding = 4; lastKnownFileType = sourcecode.swift; path = StudentTagTableViewCell.swift; sourceTree = "<group>"; };
		7CBBC35A1D527BFA007F2C92 /* plus.png */ = {isa = PBXFileReference; lastKnownFileType = image.png; path = plus.png; sourceTree = "<group>"; };
		7CBBC35C1D527CAF007F2C92 /* AddTagTableViewCell.swift */ = {isa = PBXFileReference; fileEncoding = 4; lastKnownFileType = sourcecode.swift; path = AddTagTableViewCell.swift; sourceTree = "<group>"; };
		7CE4095E1D5688860045B55A /* RoundedButton.swift */ = {isa = PBXFileReference; fileEncoding = 4; lastKnownFileType = sourcecode.swift; path = RoundedButton.swift; sourceTree = "<group>"; };
		7CE409601D58F25C0045B55A /* UIViewExtension.swift */ = {isa = PBXFileReference; fileEncoding = 4; lastKnownFileType = sourcecode.swift; path = UIViewExtension.swift; sourceTree = "<group>"; };
		7CE409621D58F2780045B55A /* CGRectExtension.swift */ = {isa = PBXFileReference; fileEncoding = 4; lastKnownFileType = sourcecode.swift; path = CGRectExtension.swift; sourceTree = "<group>"; };
		7CE409641D58F2D00045B55A /* Location.swift */ = {isa = PBXFileReference; fileEncoding = 4; lastKnownFileType = sourcecode.swift; path = Location.swift; sourceTree = "<group>"; };
		7CF12A861D3A8317003AE476 /* LoginViewController.swift */ = {isa = PBXFileReference; fileEncoding = 4; lastKnownFileType = sourcecode.swift; path = LoginViewController.swift; sourceTree = "<group>"; };
		7CF12A8F1D3AB84E003AE476 /* username.png */ = {isa = PBXFileReference; lastKnownFileType = image.png; path = username.png; sourceTree = "<group>"; };
		7CF12A901D3AB84E003AE476 /* lock.png */ = {isa = PBXFileReference; lastKnownFileType = image.png; path = lock.png; sourceTree = "<group>"; };
		7CF12A931D3ABDE8003AE476 /* CreateAccountViewController.swift */ = {isa = PBXFileReference; fileEncoding = 4; lastKnownFileType = sourcecode.swift; path = CreateAccountViewController.swift; sourceTree = "<group>"; };
		7CF12A951D3AC017003AE476 /* Theme.swift */ = {isa = PBXFileReference; fileEncoding = 4; lastKnownFileType = sourcecode.swift; path = Theme.swift; sourceTree = "<group>"; };
		7CFC925F1D5030730083E1E6 /* FillButtonView.swift */ = {isa = PBXFileReference; fileEncoding = 4; lastKnownFileType = sourcecode.swift; path = FillButtonView.swift; sourceTree = "<group>"; };
		7CFF63D61D41B41000F526CE /* AccountStudentsTableViewController.swift */ = {isa = PBXFileReference; fileEncoding = 4; lastKnownFileType = sourcecode.swift; path = AccountStudentsTableViewController.swift; sourceTree = "<group>"; };
		8623A43B2622928630F02922 /* Pods-BeanCount.debug.xcconfig */ = {isa = PBXFileReference; includeInIndex = 1; lastKnownFileType = text.xcconfig; name = "Pods-BeanCount.debug.xcconfig"; path = "Pods/Target Support Files/Pods-BeanCount/Pods-BeanCount.debug.xcconfig"; sourceTree = "<group>"; };
/* End PBXFileReference section */

/* Begin PBXFrameworksBuildPhase section */
		7C915A231D3823690081507E /* Frameworks */ = {
			isa = PBXFrameworksBuildPhase;
			buildActionMask = 2147483647;
			files = (
				7C7D95351D3C801200066530 /* MapKit.framework in Frameworks */,
				EE781D2D40D44A1B09D425E2 /* Pods_BeanCount.framework in Frameworks */,
			);
			runOnlyForDeploymentPostprocessing = 0;
		};
/* End PBXFrameworksBuildPhase section */

/* Begin PBXGroup section */
		24B4C88C2EB4DE1E2BA7A8EF /* Pods */ = {
			isa = PBXGroup;
			children = (
				8623A43B2622928630F02922 /* Pods-BeanCount.debug.xcconfig */,
				6F70FB857B23537D3491D75A /* Pods-BeanCount.release.xcconfig */,
			);
			name = Pods;
			sourceTree = "<group>";
		};
		3FC1A7714DA2AF77664F26CC /* Frameworks */ = {
			isa = PBXGroup;
			children = (
				7C7D95341D3C801200066530 /* MapKit.framework */,
				023978D7471B7C79C397E595 /* Pods_BeanCount.framework */,
			);
			name = Frameworks;
			sourceTree = "<group>";
		};
		7C21812F1D551E5B00C29F68 /* Tags */ = {
			isa = PBXGroup;
			children = (
				7C2181301D551E6800C29F68 /* Other Tags */,
				7C28D1BC1D5509AA00BDDA77 /* phone.png */,
				7C2181311D55201E00C29F68 /* desk.png */,
			);
			name = Tags;
			sourceTree = "<group>";
		};
		7C2181301D551E6800C29F68 /* Other Tags */ = {
			isa = PBXGroup;
			children = (
				7C2181291D551E5200C29F68 /* lightbulb.png */,
				7C21812A1D551E5200C29F68 /* file cabinet.png */,
				7C21812B1D551E5200C29F68 /* computer.png */,
				7C28D1C71D551D1E00BDDA77 /* open book.png */,
			);
			name = "Other Tags";
			sourceTree = "<group>";
		};
		7C28D1C51D55138A00BDDA77 /* Popover */ = {
			isa = PBXGroup;
			children = (
				7C0741BF1D51406A0039D42C /* TagPopoverTableViewController.swift */,
			);
			name = Popover;
			sourceTree = "<group>";
		};
		7C28D1C61D55139D00BDDA77 /* Tags */ = {
			isa = PBXGroup;
			children = (
				7CBBC35C1D527CAF007F2C92 /* AddTagTableViewCell.swift */,
				7CBBC3581D527AB6007F2C92 /* StudentTagTableViewCell.swift */,
				7CBBC3551D527773007F2C92 /* StudentTagsTableViewController.swift */,
				7C28D1C31D550FD300BDDA77 /* TagTypes.swift */,
				7C28D1C51D55138A00BDDA77 /* Popover */,
			);
			name = Tags;
			sourceTree = "<group>";
		};
		7C8719C21D565C6F006138C0 /* Settings */ = {
			isa = PBXGroup;
			children = (
				7C8719C31D565C7C006138C0 /* Locations */,
				7C5F009C1D3BCB950023B2D6 /* SettingsViewController.swift */,
			);
			name = Settings;
			sourceTree = "<group>";
		};
		7C8719C31D565C7C006138C0 /* Locations */ = {
			isa = PBXGroup;
			children = (
				7C5F00A21D3BE1880023B2D6 /* AddLocationViewController.swift */,
				7C418FAC1D4A60A6005DD026 /* LocationsSelectTableViewController.swift */,
				7C418FAD1D4A60A6005DD026 /* LocationTableViewCell.swift */,
			);
			name = Locations;
			sourceTree = "<group>";
		};
		7C915A1D1D3823690081507E = {
			isa = PBXGroup;
			children = (
				7C915A281D3823690081507E /* BeanCount */,
				7C915A271D3823690081507E /* Products */,
				24B4C88C2EB4DE1E2BA7A8EF /* Pods */,
				3FC1A7714DA2AF77664F26CC /* Frameworks */,
			);
			sourceTree = "<group>";
		};
		7C915A271D3823690081507E /* Products */ = {
			isa = PBXGroup;
			children = (
				7C915A261D3823690081507E /* BeanCount.app */,
			);
			name = Products;
			sourceTree = "<group>";
		};
		7C915A281D3823690081507E /* BeanCount */ = {
			isa = PBXGroup;
			children = (
				7CBBC3571D5279A3007F2C92 /* Adding Students */,
				7C8719C21D565C6F006138C0 /* Settings */,
				7C5F00991D3B55CB0023B2D6 /* BeanCount.entitlements */,
				7CF12A861D3A8317003AE476 /* LoginViewController.swift */,
				7CFF63D61D41B41000F526CE /* AccountStudentsTableViewController.swift */,
				7C915A291D3823690081507E /* AppDelegate.swift */,
				7CE409641D58F2D00045B55A /* Location.swift */,
				7C915A2D1D3823690081507E /* Main.storyboard */,
				7CE4095C1D5688360045B55A /* Theme */,
				7CA1326A1D5039DF0048DDFE /* StudentTableViewCell.swift */,
				7CF12A931D3ABDE8003AE476 /* CreateAccountViewController.swift */,
				7CF12A881D3A8813003AE476 /* Images */,
				7C915A301D3823690081507E /* Assets.xcassets */,
				7C915A321D3823690081507E /* LaunchScreen.storyboard */,
				7C915A351D3823690081507E /* Info.plist */,
				7C915A3D1D3834C50081507E /* GoogleService-Info.plist */,
			);
			path = BeanCount;
			sourceTree = "<group>";
		};
		7CBBC3571D5279A3007F2C92 /* Adding Students */ = {
			isa = PBXGroup;
			children = (
				7C28D1C61D55139D00BDDA77 /* Tags */,
				7C0741BD1D513E880039D42C /* AddStudentViewController.swift */,
			);
			name = "Adding Students";
			sourceTree = "<group>";
		};
		7CE4095C1D5688360045B55A /* Theme */ = {
			isa = PBXGroup;
			children = (
				7CE409601D58F25C0045B55A /* UIViewExtension.swift */,
				7CE409621D58F2780045B55A /* CGRectExtension.swift */,
				7CFC925F1D5030730083E1E6 /* FillButtonView.swift */,
				7CF12A951D3AC017003AE476 /* Theme.swift */,
				7CE4095D1D5688500045B55A /* Theme UIs */,
			);
			name = Theme;
			sourceTree = "<group>";
		};
		7CE4095D1D5688500045B55A /* Theme UIs */ = {
			isa = PBXGroup;
			children = (
				7C84E2341D566EC4007BAB74 /* RoundedTextField.swift */,
				7C8719C41D566194006138C0 /* RoundedView.swift */,
				7CE4095E1D5688860045B55A /* RoundedButton.swift */,
			);
			name = "Theme UIs";
			sourceTree = "<group>";
		};
		7CF12A881D3A8813003AE476 /* Images */ = {
			isa = PBXGroup;
			children = (
				7C2181351D552A3B00C29F68 /* close.png */,
				7C21812F1D551E5B00C29F68 /* Tags */,
				7CBBC35A1D527BFA007F2C92 /* plus.png */,
				7C7D95321D3C720200066530 /* id card.png */,
				7C5F009E1D3BCE250023B2D6 /* location.png */,
				7CF12A8E1D3A8859003AE476 /* Login Screen */,
				7CF12A891D3A881D003AE476 /* Checks */,
			);
			name = Images;
			sourceTree = "<group>";
		};
		7CF12A891D3A881D003AE476 /* Checks */ = {
			isa = PBXGroup;
			children = (
				7C29E4251D3B069D006088CD /* red x.png */,
				7C29E4261D3B069D006088CD /* green check.png */,
			);
			name = Checks;
			sourceTree = "<group>";
		};
		7CF12A8E1D3A8859003AE476 /* Login Screen */ = {
			isa = PBXGroup;
			children = (
				7C83B9531D3AD5D000B3405D /* mail.png */,
				7CF12A8F1D3AB84E003AE476 /* username.png */,
				7CF12A901D3AB84E003AE476 /* lock.png */,
			);
			name = "Login Screen";
			sourceTree = "<group>";
		};
/* End PBXGroup section */

/* Begin PBXNativeTarget section */
		7C915A251D3823690081507E /* BeanCount */ = {
			isa = PBXNativeTarget;
			buildConfigurationList = 7C915A381D3823690081507E /* Build configuration list for PBXNativeTarget "BeanCount" */;
			buildPhases = (
				F072268EC34C4A0AD3C39F21 /* [CP] Check Pods Manifest.lock */,
				7C915A221D3823690081507E /* Sources */,
				7C915A231D3823690081507E /* Frameworks */,
				7C915A241D3823690081507E /* Resources */,
				3E6A351337610DC61C0F97BF /* [CP] Embed Pods Frameworks */,
				AD8C356E3C05F8391DB246C5 /* [CP] Copy Pods Resources */,
			);
			buildRules = (
			);
			dependencies = (
			);
			name = BeanCount;
			productName = BeanCount;
			productReference = 7C915A261D3823690081507E /* BeanCount.app */;
			productType = "com.apple.product-type.application";
		};
/* End PBXNativeTarget section */

/* Begin PBXProject section */
		7C915A1E1D3823690081507E /* Project object */ = {
			isa = PBXProject;
			attributes = {
				LastSwiftUpdateCheck = 0730;
				LastUpgradeCheck = 0800;
				ORGANIZATIONNAME = "Gabriel Revells";
				TargetAttributes = {
					7C915A251D3823690081507E = {
						CreatedOnToolsVersion = 7.3.1;
						DevelopmentTeam = 6YUP5Q2DLS;
						DevelopmentTeamName = "Gabe Revells";
						LastSwiftMigration = 0800;
						SystemCapabilities = {
							com.apple.Keychain = {
								enabled = 1;
							};
						};
					};
				};
			};
			buildConfigurationList = 7C915A211D3823690081507E /* Build configuration list for PBXProject "BeanCount" */;
			compatibilityVersion = "Xcode 3.2";
			developmentRegion = English;
			hasScannedForEncodings = 0;
			knownRegions = (
				en,
				Base,
			);
			mainGroup = 7C915A1D1D3823690081507E;
			productRefGroup = 7C915A271D3823690081507E /* Products */;
			projectDirPath = "";
			projectRoot = "";
			targets = (
				7C915A251D3823690081507E /* BeanCount */,
			);
		};
/* End PBXProject section */

/* Begin PBXResourcesBuildPhase section */
		7C915A241D3823690081507E /* Resources */ = {
			isa = PBXResourcesBuildPhase;
			buildActionMask = 2147483647;
			files = (
				7C7D95331D3C720200066530 /* id card.png in Resources */,
				7C915A341D3823690081507E /* LaunchScreen.storyboard in Resources */,
				7C2181321D55201E00C29F68 /* desk.png in Resources */,
				7CF12A911D3AB84E003AE476 /* username.png in Resources */,
				7C5F009F1D3BCE250023B2D6 /* location.png in Resources */,
				7C83B9541D3AD5D000B3405D /* mail.png in Resources */,
				7C21812D1D551E5200C29F68 /* file cabinet.png in Resources */,
				7C915A3E1D3834C50081507E /* GoogleService-Info.plist in Resources */,
				7C21812E1D551E5200C29F68 /* computer.png in Resources */,
				7C29E4281D3B069D006088CD /* green check.png in Resources */,
				7C2181361D552A3B00C29F68 /* close.png in Resources */,
				7CF12A921D3AB84E003AE476 /* lock.png in Resources */,
				7C28D1C81D551D1E00BDDA77 /* open book.png in Resources */,
				7C915A311D3823690081507E /* Assets.xcassets in Resources */,
				7C28D1BE1D5509AA00BDDA77 /* phone.png in Resources */,
				7C915A2F1D3823690081507E /* Main.storyboard in Resources */,
				7C21812C1D551E5200C29F68 /* lightbulb.png in Resources */,
				7C29E4271D3B069D006088CD /* red x.png in Resources */,
				7CBBC35B1D527BFA007F2C92 /* plus.png in Resources */,
			);
			runOnlyForDeploymentPostprocessing = 0;
		};
/* End PBXResourcesBuildPhase section */

/* Begin PBXShellScriptBuildPhase section */
		3E6A351337610DC61C0F97BF /* [CP] Embed Pods Frameworks */ = {
			isa = PBXShellScriptBuildPhase;
			buildActionMask = 2147483647;
			files = (
			);
			inputPaths = (
			);
			name = "[CP] Embed Pods Frameworks";
			outputPaths = (
			);
			runOnlyForDeploymentPostprocessing = 0;
			shellPath = /bin/sh;
			shellScript = "\"${SRCROOT}/Pods/Target Support Files/Pods-BeanCount/Pods-BeanCount-frameworks.sh\"\n";
			showEnvVarsInLog = 0;
		};
		AD8C356E3C05F8391DB246C5 /* [CP] Copy Pods Resources */ = {
			isa = PBXShellScriptBuildPhase;
			buildActionMask = 2147483647;
			files = (
			);
			inputPaths = (
			);
			name = "[CP] Copy Pods Resources";
			outputPaths = (
			);
			runOnlyForDeploymentPostprocessing = 0;
			shellPath = /bin/sh;
			shellScript = "\"${SRCROOT}/Pods/Target Support Files/Pods-BeanCount/Pods-BeanCount-resources.sh\"\n";
			showEnvVarsInLog = 0;
		};
		F072268EC34C4A0AD3C39F21 /* [CP] Check Pods Manifest.lock */ = {
			isa = PBXShellScriptBuildPhase;
			buildActionMask = 2147483647;
			files = (
			);
			inputPaths = (
			);
			name = "[CP] Check Pods Manifest.lock";
			outputPaths = (
			);
			runOnlyForDeploymentPostprocessing = 0;
			shellPath = /bin/sh;
			shellScript = "diff \"${PODS_ROOT}/../Podfile.lock\" \"${PODS_ROOT}/Manifest.lock\" > /dev/null\nif [[ $? != 0 ]] ; then\n    cat << EOM\nerror: The sandbox is not in sync with the Podfile.lock. Run 'pod install' or update your CocoaPods installation.\nEOM\n    exit 1\nfi\n";
			showEnvVarsInLog = 0;
		};
/* End PBXShellScriptBuildPhase section */

/* Begin PBXSourcesBuildPhase section */
		7C915A221D3823690081507E /* Sources */ = {
			isa = PBXSourcesBuildPhase;
			buildActionMask = 2147483647;
			files = (
				7CF12A941D3ABDE8003AE476 /* CreateAccountViewController.swift in Sources */,
				7C915A2A1D3823690081507E /* AppDelegate.swift in Sources */,
				7C8719C51D566194006138C0 /* RoundedView.swift in Sources */,
				7C418FAF1D4A60A6005DD026 /* LocationTableViewCell.swift in Sources */,
				7C5F00A31D3BE1880023B2D6 /* AddLocationViewController.swift in Sources */,
				7CFF63D71D41B41000F526CE /* AccountStudentsTableViewController.swift in Sources */,
				7CFC92601D5030730083E1E6 /* FillButtonView.swift in Sources */,
				7CF12A871D3A8317003AE476 /* LoginViewController.swift in Sources */,
				7C418FAE1D4A60A6005DD026 /* LocationsSelectTableViewController.swift in Sources */,
				7CBBC35D1D527CAF007F2C92 /* AddTagTableViewCell.swift in Sources */,
				7CA1326B1D5039DF0048DDFE /* StudentTableViewCell.swift in Sources */,
				7CE4095F1D5688860045B55A /* RoundedButton.swift in Sources */,
				7C28D1C41D550FD300BDDA77 /* TagTypes.swift in Sources */,
				7C0741C01D51406A0039D42C /* TagPopoverTableViewController.swift in Sources */,
				7CE409651D58F2D00045B55A /* Location.swift in Sources */,
				7CF12A961D3AC017003AE476 /* Theme.swift in Sources */,
				7C5F009D1D3BCB950023B2D6 /* SettingsViewController.swift in Sources */,
				7C0741BE1D513E880039D42C /* AddStudentViewController.swift in Sources */,
				7CBBC3591D527AB6007F2C92 /* StudentTagTableViewCell.swift in Sources */,
				7CE409611D58F25C0045B55A /* UIViewExtension.swift in Sources */,
				7CBBC3561D527773007F2C92 /* StudentTagsTableViewController.swift in Sources */,
				7C84E2351D566EC4007BAB74 /* RoundedTextField.swift in Sources */,
				7CE409631D58F2780045B55A /* CGRectExtension.swift in Sources */,
			);
			runOnlyForDeploymentPostprocessing = 0;
		};
/* End PBXSourcesBuildPhase section */

/* Begin PBXVariantGroup section */
		7C915A2D1D3823690081507E /* Main.storyboard */ = {
			isa = PBXVariantGroup;
			children = (
				7C915A2E1D3823690081507E /* Base */,
			);
			name = Main.storyboard;
			sourceTree = "<group>";
		};
		7C915A321D3823690081507E /* LaunchScreen.storyboard */ = {
			isa = PBXVariantGroup;
			children = (
				7C915A331D3823690081507E /* Base */,
			);
			name = LaunchScreen.storyboard;
			sourceTree = "<group>";
		};
/* End PBXVariantGroup section */

/* Begin XCBuildConfiguration section */
		7C915A361D3823690081507E /* Debug */ = {
			isa = XCBuildConfiguration;
			buildSettings = {
				ALWAYS_SEARCH_USER_PATHS = NO;
				CLANG_ANALYZER_NONNULL = YES;
				CLANG_CXX_LANGUAGE_STANDARD = "gnu++0x";
				CLANG_CXX_LIBRARY = "libc++";
				CLANG_ENABLE_MODULES = YES;
				CLANG_ENABLE_OBJC_ARC = YES;
				CLANG_WARN_BOOL_CONVERSION = YES;
				CLANG_WARN_CONSTANT_CONVERSION = YES;
				CLANG_WARN_DIRECT_OBJC_ISA_USAGE = YES_ERROR;
				CLANG_WARN_EMPTY_BODY = YES;
				CLANG_WARN_ENUM_CONVERSION = YES;
				CLANG_WARN_INT_CONVERSION = YES;
				CLANG_WARN_OBJC_ROOT_CLASS = YES_ERROR;
				CLANG_WARN_UNREACHABLE_CODE = YES;
				CLANG_WARN__DUPLICATE_METHOD_MATCH = YES;
				"CODE_SIGN_IDENTITY[sdk=iphoneos*]" = "iPhone Developer";
				COPY_PHASE_STRIP = NO;
				DEBUG_INFORMATION_FORMAT = dwarf;
				ENABLE_STRICT_OBJC_MSGSEND = YES;
				ENABLE_TESTABILITY = YES;
				GCC_C_LANGUAGE_STANDARD = gnu99;
				GCC_DYNAMIC_NO_PIC = NO;
				GCC_NO_COMMON_BLOCKS = YES;
				GCC_OPTIMIZATION_LEVEL = 0;
				GCC_PREPROCESSOR_DEFINITIONS = (
					"DEBUG=1",
					"$(inherited)",
				);
				GCC_WARN_64_TO_32_BIT_CONVERSION = YES;
				GCC_WARN_ABOUT_RETURN_TYPE = YES_ERROR;
				GCC_WARN_UNDECLARED_SELECTOR = YES;
				GCC_WARN_UNINITIALIZED_AUTOS = YES_AGGRESSIVE;
				GCC_WARN_UNUSED_FUNCTION = YES;
				GCC_WARN_UNUSED_VARIABLE = YES;
				IPHONEOS_DEPLOYMENT_TARGET = 9.3;
				MTL_ENABLE_DEBUG_INFO = YES;
				ONLY_ACTIVE_ARCH = YES;
				SDKROOT = iphoneos;
				SWIFT_OPTIMIZATION_LEVEL = "-Onone";
			};
			name = Debug;
		};
		7C915A371D3823690081507E /* Release */ = {
			isa = XCBuildConfiguration;
			buildSettings = {
				ALWAYS_SEARCH_USER_PATHS = NO;
				CLANG_ANALYZER_NONNULL = YES;
				CLANG_CXX_LANGUAGE_STANDARD = "gnu++0x";
				CLANG_CXX_LIBRARY = "libc++";
				CLANG_ENABLE_MODULES = YES;
				CLANG_ENABLE_OBJC_ARC = YES;
				CLANG_WARN_BOOL_CONVERSION = YES;
				CLANG_WARN_CONSTANT_CONVERSION = YES;
				CLANG_WARN_DIRECT_OBJC_ISA_USAGE = YES_ERROR;
				CLANG_WARN_EMPTY_BODY = YES;
				CLANG_WARN_ENUM_CONVERSION = YES;
				CLANG_WARN_INT_CONVERSION = YES;
				CLANG_WARN_OBJC_ROOT_CLASS = YES_ERROR;
				CLANG_WARN_UNREACHABLE_CODE = YES;
				CLANG_WARN__DUPLICATE_METHOD_MATCH = YES;
				"CODE_SIGN_IDENTITY[sdk=iphoneos*]" = "iPhone Developer";
				COPY_PHASE_STRIP = NO;
				DEBUG_INFORMATION_FORMAT = "dwarf-with-dsym";
				ENABLE_NS_ASSERTIONS = NO;
				ENABLE_STRICT_OBJC_MSGSEND = YES;
				GCC_C_LANGUAGE_STANDARD = gnu99;
				GCC_NO_COMMON_BLOCKS = YES;
				GCC_WARN_64_TO_32_BIT_CONVERSION = YES;
				GCC_WARN_ABOUT_RETURN_TYPE = YES_ERROR;
				GCC_WARN_UNDECLARED_SELECTOR = YES;
				GCC_WARN_UNINITIALIZED_AUTOS = YES_AGGRESSIVE;
				GCC_WARN_UNUSED_FUNCTION = YES;
				GCC_WARN_UNUSED_VARIABLE = YES;
				IPHONEOS_DEPLOYMENT_TARGET = 9.3;
				MTL_ENABLE_DEBUG_INFO = NO;
				SDKROOT = iphoneos;
				VALIDATE_PRODUCT = YES;
			};
			name = Release;
		};
		7C915A391D3823690081507E /* Debug */ = {
			isa = XCBuildConfiguration;
			baseConfigurationReference = 8623A43B2622928630F02922 /* Pods-BeanCount.debug.xcconfig */;
			buildSettings = {
				ASSETCATALOG_COMPILER_APPICON_NAME = AppIcon;
				CODE_SIGN_ENTITLEMENTS = BeanCount/BeanCount.entitlements;
				INFOPLIST_FILE = BeanCount/Info.plist;
				IPHONEOS_DEPLOYMENT_TARGET = 8.0;
				LD_RUNPATH_SEARCH_PATHS = "$(inherited) @executable_path/Frameworks";
				PRODUCT_BUNDLE_IDENTIFIER = Gabriel.Revells.BeanCount;
				PRODUCT_NAME = "$(TARGET_NAME)";
				SWIFT_VERSION = 3.0;
				TARGETED_DEVICE_FAMILY = 1;
			};
			name = Debug;
		};
		7C915A3A1D3823690081507E /* Release */ = {
			isa = XCBuildConfiguration;
			baseConfigurationReference = 6F70FB857B23537D3491D75A /* Pods-BeanCount.release.xcconfig */;
			buildSettings = {
				ASSETCATALOG_COMPILER_APPICON_NAME = AppIcon;
				CODE_SIGN_ENTITLEMENTS = BeanCount/BeanCount.entitlements;
				INFOPLIST_FILE = BeanCount/Info.plist;
				IPHONEOS_DEPLOYMENT_TARGET = 8.0;
				LD_RUNPATH_SEARCH_PATHS = "$(inherited) @executable_path/Frameworks";
				PRODUCT_BUNDLE_IDENTIFIER = Gabriel.Revells.BeanCount;
				PRODUCT_NAME = "$(TARGET_NAME)";
				SWIFT_OPTIMIZATION_LEVEL = "-Owholemodule";
				SWIFT_VERSION = 3.0;
				TARGETED_DEVICE_FAMILY = 1;
			};
			name = Release;
		};
/* End XCBuildConfiguration section */

/* Begin XCConfigurationList section */
		7C915A211D3823690081507E /* Build configuration list for PBXProject "BeanCount" */ = {
			isa = XCConfigurationList;
			buildConfigurations = (
				7C915A361D3823690081507E /* Debug */,
				7C915A371D3823690081507E /* Release */,
			);
			defaultConfigurationIsVisible = 0;
			defaultConfigurationName = Release;
		};
		7C915A381D3823690081507E /* Build configuration list for PBXNativeTarget "BeanCount" */ = {
			isa = XCConfigurationList;
			buildConfigurations = (
				7C915A391D3823690081507E /* Debug */,
				7C915A3A1D3823690081507E /* Release */,
			);
			defaultConfigurationIsVisible = 0;
			defaultConfigurationName = Release;
		};
/* End XCConfigurationList section */
	};
	rootObject = 7C915A1E1D3823690081507E /* Project object */;
}
